{
    "name": "@legendaryvibecoder/gigabrain",
    "version": "0.3.1",
    "lockfileVersion": 3,
    "requires": true,
    "packages": {
        "": {
            "name": "@legendaryvibecoder/gigabrain",
            "version": "0.3.1",
            "license": "MIT",
            "engines": {
                "node": ">=22"
            },
            "peerDependencies": {
                "openclaw": ">=2026.2.15"
            },
            "peerDependenciesMeta": {
                "openclaw": {
                    "optional": false
                }
            }
        }
    }
}
